
Microsoft Visual Studio Solution File, Format Version 12.00
# Visual Studio 15
VisualStudioVersion = 15.0.27004.2009
MinimumVisualStudioVersion = 10.0.40219.1
Project("{FAE04EC0-301F-11D3-BF4B-00C04F79EFBC}") = "CompareTheTriplets", "CompareTheTriplets\CompareTheTriplets.csproj", "{827888C0-531C-4351-8DC5-0D6710E29291}"
EndProject
Global
	GlobalSection(SolutionConfigurationPlatforms) = preSolution
		Debug|Any CPU = Debug|Any CPU
		Release|Any CPU = Release|Any CPU
	EndGlobalSection
	GlobalSection(ProjectConfigurationPlatforms) = postSolution
		{827888C0-531C-4351-8DC5-0D6710E29291}.Debug|Any CPU.ActiveCfg = Debug|Any CPU
		{827888C0-531C-4351-8DC5-0D6710E29291}.Debug|Any CPU.Build.0 = Debug|Any CPU
		{827888C0-531C-4351-8DC5-0D6710E29291}.Release|Any CPU.ActiveCfg = Release|Any CPU
		{827888C0-531C-4351-8DC5-0D6710E29291}.Release|Any CPU.Build.0 = Release|Any CPU
	EndGlobalSection
	GlobalSection(SolutionProperties) = preSolution
		HideSolutionNode = FALSE
	EndGlobalSection
	GlobalSection(ExtensibilityGlobals) = postSolution
		SolutionGuid = {716B855A-0F0D-4C98-A182-2D22DE4B567B}
	EndGlobalSection
EndGlobal
