
Microsoft Visual Studio Solution File, Format Version 12.00
# Visual Studio 15
VisualStudioVersion = 15.0.27004.2010
MinimumVisualStudioVersion = 10.0.40219.1
Project("{FAE04EC0-301F-11D3-BF4B-00C04F79EFBC}") = "PlusMinus", "PlusMinus\PlusMinus.csproj", "{C41CD9F2-7E1C-4332-AE58-0EC37164182D}"
EndProject
Global
	GlobalSection(SolutionConfigurationPlatforms) = preSolution
		Debug|Any CPU = Debug|Any CPU
		Release|Any CPU = Release|Any CPU
	EndGlobalSection
	GlobalSection(ProjectConfigurationPlatforms) = postSolution
		{C41CD9F2-7E1C-4332-AE58-0EC37164182D}.Debug|Any CPU.ActiveCfg = Debug|Any CPU
		{C41CD9F2-7E1C-4332-AE58-0EC37164182D}.Debug|Any CPU.Build.0 = Debug|Any CPU
		{C41CD9F2-7E1C-4332-AE58-0EC37164182D}.Release|Any CPU.ActiveCfg = Release|Any CPU
		{C41CD9F2-7E1C-4332-AE58-0EC37164182D}.Release|Any CPU.Build.0 = Release|Any CPU
	EndGlobalSection
	GlobalSection(SolutionProperties) = preSolution
		HideSolutionNode = FALSE
	EndGlobalSection
	GlobalSection(ExtensibilityGlobals) = postSolution
		SolutionGuid = {BDC0199A-1CEE-46BF-A260-3FF9EBC91D87}
	EndGlobalSection
EndGlobal
